<?xml version="1.0" encoding="utf-8"?>
<Project ToolsVersion="4.0" xmlns="http://schemas.microsoft.com/developer/msbuild/2003">
  <ItemGroup>
    <Filter Include="Events">
      <UniqueIdentifier>{3A8963B1-262B-8E87-0FE6-A1DBFB2615D8}</UniqueIdentifier>
    </Filter>
    <Filter Include="Layers">
      <UniqueIdentifier>{157446C0-0116-7196-EAD0-84EAD611F8E6}</UniqueIdentifier>
    </Filter>
    <Filter Include="Networking">
      <UniqueIdentifier>{6D615D47-5919-9F94-C220-78F0AEF73985}</UniqueIdentifier>
    </Filter>
    <Filter Include="RenderAPI">
      <UniqueIdentifier>{BF001F7C-2B6B-D3F2-74A9-8498E052B147}</UniqueIdentifier>
    </Filter>
    <Filter Include="RenderAPI\OpenGL">
      <UniqueIdentifier>{137DB9EA-FF75-D83C-28A8-BDC11400B848}</UniqueIdentifier>
    </Filter>
    <Filter Include="Renderer">
      <UniqueIdentifier>{7CCE658F-689B-C09A-91B4-AE427DE0F528}</UniqueIdentifier>
    </Filter>
    <Filter Include="Windows">
      <UniqueIdentifier>{5032B729-BC11-36C5-C529-C19B31889C26}</UniqueIdentifier>
    </Filter>
    <Filter Include="Windows\OpenGL">
      <UniqueIdentifier>{84215AC8-70EF-4DCE-5983-BEF445F02933}</UniqueIdentifier>
    </Filter>
  </ItemGroup>
  <ItemGroup>
    <ClInclude Include="src\Application.h" />
    <ClInclude Include="src\Core.h" />
    <ClInclude Include="src\DeltaTime.h" />
    <ClInclude Include="src\EntryPoint.h" />
    <ClInclude Include="src\Events\ApplicationEvent.h">
      <Filter>Events</Filter>
    </ClInclude>
    <ClInclude Include="src\Events\Event.h">
      <Filter>Events</Filter>
    </ClInclude>
    <ClInclude Include="src\Events\KeyCodes.h">
      <Filter>Events</Filter>
    </ClInclude>
    <ClInclude Include="src\Events\KeyEvent.h">
      <Filter>Events</Filter>
    </ClInclude>
    <ClInclude Include="src\Events\MouseCodes.h">
      <Filter>Events</Filter>
    </ClInclude>
    <ClInclude Include="src\Events\MouseEvent.h">
      <Filter>Events</Filter>
    </ClInclude>
    <ClInclude Include="src\Input.h" />
    <ClInclude Include="src\Layer.h" />
    <ClInclude Include="src\LayerStack.h" />
    <ClInclude Include="src\Layers\ImGuiLayer.h">
      <Filter>Layers</Filter>
    </ClInclude>
    <ClInclude Include="src\Layers\OpenGLInfoLayer.h">
      <Filter>Layers</Filter>
    </ClInclude>
    <ClInclude Include="src\Networking\client.h">
      <Filter>Networking</Filter>
    </ClInclude>
    <ClInclude Include="src\Networking\connection.h">
      <Filter>Networking</Filter>
    </ClInclude>
    <ClInclude Include="src\Networking\message.h">
      <Filter>Networking</Filter>
    </ClInclude>
    <ClInclude Include="src\Networking\server.h">
      <Filter>Networking</Filter>
    </ClInclude>
    <ClInclude Include="src\Networking\tsqueue.h">
      <Filter>Networking</Filter>
    </ClInclude>
    <ClInclude Include="src\Profiling.h" />
    <ClInclude Include="src\RenderAPI\OpenGL\OpenGLBuffer.h">
      <Filter>RenderAPI\OpenGL</Filter>
    </ClInclude>
    <ClInclude Include="src\RenderAPI\OpenGL\OpenGLContext.h">
      <Filter>RenderAPI\OpenGL</Filter>
    </ClInclude>
    <ClInclude Include="src\RenderAPI\OpenGL\OpenGLRendererAPI.h">
      <Filter>RenderAPI\OpenGL</Filter>
    </ClInclude>
    <ClInclude Include="src\RenderAPI\OpenGL\OpenGLShader.h">
      <Filter>RenderAPI\OpenGL</Filter>
    </ClInclude>
    <ClInclude Include="src\RenderAPI\OpenGL\OpenGLTexture.h">
      <Filter>RenderAPI\OpenGL</Filter>
    </ClInclude>
    <ClInclude Include="src\RenderAPI\OpenGL\OpenGLVertexArray.h">
      <Filter>RenderAPI\OpenGL</Filter>
    </ClInclude>
    <ClInclude Include="src\Renderer\Buffer.h">
      <Filter>Renderer</Filter>
    </ClInclude>
    <ClInclude Include="src\Renderer\Camera.h">
      <Filter>Renderer</Filter>
    </ClInclude>
    <ClInclude Include="src\Renderer\RenderCommand.h">
      <Filter>Renderer</Filter>
    </ClInclude>
    <ClInclude Include="src\Renderer\RenderContext.h">
      <Filter>Renderer</Filter>
    </ClInclude>
    <ClInclude Include="src\Renderer\Renderer.h">
      <Filter>Renderer</Filter>
    </ClInclude>
    <ClInclude Include="src\Renderer\RendererAPI.h">
      <Filter>Renderer</Filter>
    </ClInclude>
    <ClInclude Include="src\Renderer\Shader.h">
      <Filter>Renderer</Filter>
    </ClInclude>
    <ClInclude Include="src\Renderer\Texture.h">
      <Filter>Renderer</Filter>
    </ClInclude>
    <ClInclude Include="src\Renderer\VertexArray.h">
      <Filter>Renderer</Filter>
    </ClInclude>
    <ClInclude Include="src\TGEP.h" />
    <ClInclude Include="src\Window.h" />
    <ClInclude Include="src\Windows\OpenGL\OpenGLWindow.h">
      <Filter>Windows\OpenGL</Filter>
    </ClInclude>
    <ClInclude Include="src\helper.h" />
    <ClInclude Include="src\pch.h" />
  </ItemGroup>
  <ItemGroup>
    <ClCompile Include="src\Application.cpp" />
    <ClCompile Include="src\Input.cpp" />
    <ClCompile Include="src\Layer.cpp" />
    <ClCompile Include="src\LayerStack.cpp" />
    <ClCompile Include="src\Layers\ImGuiLayer.cpp">
      <Filter>Layers</Filter>
    </ClCompile>
    <ClCompile Include="src\Networking\client.cpp">
      <Filter>Networking</Filter>
    </ClCompile>
    <ClCompile Include="src\Networking\connection.cpp">
      <Filter>Networking</Filter>
    </ClCompile>
    <ClCompile Include="src\Networking\server.cpp">
      <Filter>Networking</Filter>
    </ClCompile>
    <ClCompile Include="src\RenderAPI\OpenGL\OpenGLBuffer.cpp">
      <Filter>RenderAPI\OpenGL</Filter>
    </ClCompile>
    <ClCompile Include="src\RenderAPI\OpenGL\OpenGLContext.cpp">
      <Filter>RenderAPI\OpenGL</Filter>
    </ClCompile>
    <ClCompile Include="src\RenderAPI\OpenGL\OpenGLRendererAPI.cpp">
      <Filter>RenderAPI\OpenGL</Filter>
    </ClCompile>
    <ClCompile Include="src\RenderAPI\OpenGL\OpenGLShader.cpp">
      <Filter>RenderAPI\OpenGL</Filter>
    </ClCompile>
    <ClCompile Include="src\RenderAPI\OpenGL\OpenGLTexture.cpp">
      <Filter>RenderAPI\OpenGL</Filter>
    </ClCompile>
    <ClCompile Include="src\RenderAPI\OpenGL\OpenGLVertexArray.cpp">
      <Filter>RenderAPI\OpenGL</Filter>
    </ClCompile>
    <ClCompile Include="src\Renderer\Buffer.cpp">
      <Filter>Renderer</Filter>
    </ClCompile>
    <ClCompile Include="src\Renderer\Camera.cpp">
      <Filter>Renderer</Filter>
    </ClCompile>
    <ClCompile Include="src\Renderer\RenderCommand.cpp">
      <Filter>Renderer</Filter>
    </ClCompile>
    <ClCompile Include="src\Renderer\Renderer.cpp">
      <Filter>Renderer</Filter>
    </ClCompile>
    <ClCompile Include="src\Renderer\RendererAPI.cpp">
      <Filter>Renderer</Filter>
    </ClCompile>
    <ClCompile Include="src\Renderer\Shader.cpp">
      <Filter>Renderer</Filter>
    </ClCompile>
    <ClCompile Include="src\Renderer\Texture.cpp">
      <Filter>Renderer</Filter>
    </ClCompile>
    <ClCompile Include="src\Renderer\VertexArray.cpp">
      <Filter>Renderer</Filter>
    </ClCompile>
    <ClCompile Include="src\Window.cpp" />
    <ClCompile Include="src\Windows\OpenGL\OpenGLWindow.cpp">
      <Filter>Windows\OpenGL</Filter>
    </ClCompile>
  </ItemGroup>
</Project>