<?xml version="1.0" encoding="utf-8"?>
<Project ToolsVersion="4.0" xmlns="http://schemas.microsoft.com/developer/msbuild/2003">
  <ItemGroup>
    <Filter Include="src">
      <UniqueIdentifier>{2DAB880B-99B4-887C-2230-9F7C8E38947C}</UniqueIdentifier>
    </Filter>
    <Filter Include="src\Events">
      <UniqueIdentifier>{7162C20E-5D1A-045C-C621-DDB7B2F89E4C}</UniqueIdentifier>
    </Filter>
    <Filter Include="src\Layers">
      <UniqueIdentifier>{4C4DA51D-3805-E76A-A10C-C0C68DE3815B}</UniqueIdentifier>
    </Filter>
    <Filter Include="src\Networking">
      <UniqueIdentifier>{24FE637E-10CC-5784-F95F-C8AAE5CC33E9}</UniqueIdentifier>
    </Filter>
    <Filter Include="src\RenderAPI">
      <UniqueIdentifier>{9662D9BB-0223-55F2-CB5D-9E6F37DD99CE}</UniqueIdentifier>
    </Filter>
    <Filter Include="src\RenderAPI\OpenGL">
      <UniqueIdentifier>{0A872652-F615-B01B-9F34-C4168BA2C0C1}</UniqueIdentifier>
    </Filter>
    <Filter Include="src\Renderer">
      <UniqueIdentifier>{73D1DFBF-5F34-6F64-08BA-A71AF4FB3AE7}</UniqueIdentifier>
    </Filter>
    <Filter Include="src\Windows">
      <UniqueIdentifier>{6732F132-D3E7-6928-5CDC-63FFC890602C}</UniqueIdentifier>
    </Filter>
    <Filter Include="src\Windows\OpenGL">
      <UniqueIdentifier>{BB413E26-A725-FF7B-1086-F9CEFC88E9FD}</UniqueIdentifier>
    </Filter>
    <Filter Include="submodules">
      <UniqueIdentifier>{48444C85-34FC-8DD2-9D03-672E89DA28C3}</UniqueIdentifier>
    </Filter>
    <Filter Include="submodules\stb_image">
      <UniqueIdentifier>{E2EE3E33-CE7D-C8FC-779C-DCF7630AD9A2}</UniqueIdentifier>
    </Filter>
  </ItemGroup>
  <ItemGroup>
    <ClInclude Include="src\Application.h">
      <Filter>src</Filter>
    </ClInclude>
    <ClInclude Include="src\Core.h">
      <Filter>src</Filter>
    </ClInclude>
    <ClInclude Include="src\DeltaTime.h">
      <Filter>src</Filter>
    </ClInclude>
    <ClInclude Include="src\EntryPoint.h">
      <Filter>src</Filter>
    </ClInclude>
    <ClInclude Include="src\Events\ApplicationEvent.h">
      <Filter>src\Events</Filter>
    </ClInclude>
    <ClInclude Include="src\Events\Event.h">
      <Filter>src\Events</Filter>
    </ClInclude>
    <ClInclude Include="src\Events\KeyCodes.h">
      <Filter>src\Events</Filter>
    </ClInclude>
    <ClInclude Include="src\Events\KeyEvent.h">
      <Filter>src\Events</Filter>
    </ClInclude>
    <ClInclude Include="src\Events\MouseCodes.h">
      <Filter>src\Events</Filter>
    </ClInclude>
    <ClInclude Include="src\Events\MouseEvent.h">
      <Filter>src\Events</Filter>
    </ClInclude>
    <ClInclude Include="src\Input.h">
      <Filter>src</Filter>
    </ClInclude>
    <ClInclude Include="src\Layer.h">
      <Filter>src</Filter>
    </ClInclude>
    <ClInclude Include="src\LayerStack.h">
      <Filter>src</Filter>
    </ClInclude>
    <ClInclude Include="src\Layers\ImGuiLayer.h">
      <Filter>src\Layers</Filter>
    </ClInclude>
    <ClInclude Include="src\Layers\OpenGLInfoLayer.h">
      <Filter>src\Layers</Filter>
    </ClInclude>
    <ClInclude Include="src\Networking\client.h">
      <Filter>src\Networking</Filter>
    </ClInclude>
    <ClInclude Include="src\Networking\connection.h">
      <Filter>src\Networking</Filter>
    </ClInclude>
    <ClInclude Include="src\Networking\message.h">
      <Filter>src\Networking</Filter>
    </ClInclude>
    <ClInclude Include="src\Networking\server.h">
      <Filter>src\Networking</Filter>
    </ClInclude>
    <ClInclude Include="src\Networking\tsqueue.h">
      <Filter>src\Networking</Filter>
    </ClInclude>
    <ClInclude Include="src\Profiling.h">
      <Filter>src</Filter>
    </ClInclude>
    <ClInclude Include="src\RenderAPI\OpenGL\OpenGLBuffer.h">
      <Filter>src\RenderAPI\OpenGL</Filter>
    </ClInclude>
    <ClInclude Include="src\RenderAPI\OpenGL\OpenGLContext.h">
      <Filter>src\RenderAPI\OpenGL</Filter>
    </ClInclude>
    <ClInclude Include="src\RenderAPI\OpenGL\OpenGLRendererAPI.h">
      <Filter>src\RenderAPI\OpenGL</Filter>
    </ClInclude>
    <ClInclude Include="src\RenderAPI\OpenGL\OpenGLShader.h">
      <Filter>src\RenderAPI\OpenGL</Filter>
    </ClInclude>
    <ClInclude Include="src\RenderAPI\OpenGL\OpenGLTexture.h">
      <Filter>src\RenderAPI\OpenGL</Filter>
    </ClInclude>
    <ClInclude Include="src\RenderAPI\OpenGL\OpenGLVertexArray.h">
      <Filter>src\RenderAPI\OpenGL</Filter>
    </ClInclude>
    <ClInclude Include="src\Renderer\Buffer.h">
      <Filter>src\Renderer</Filter>
    </ClInclude>
    <ClInclude Include="src\Renderer\Camera.h">
      <Filter>src\Renderer</Filter>
    </ClInclude>
    <ClInclude Include="src\Renderer\RenderCommand.h">
      <Filter>src\Renderer</Filter>
    </ClInclude>
    <ClInclude Include="src\Renderer\RenderContext.h">
      <Filter>src\Renderer</Filter>
    </ClInclude>
    <ClInclude Include="src\Renderer\Renderer.h">
      <Filter>src\Renderer</Filter>
    </ClInclude>
    <ClInclude Include="src\Renderer\RendererAPI.h">
      <Filter>src\Renderer</Filter>
    </ClInclude>
    <ClInclude Include="src\Renderer\Shader.h">
      <Filter>src\Renderer</Filter>
    </ClInclude>
    <ClInclude Include="src\Renderer\Texture.h">
      <Filter>src\Renderer</Filter>
    </ClInclude>
    <ClInclude Include="src\Renderer\VertexArray.h">
      <Filter>src\Renderer</Filter>
    </ClInclude>
    <ClInclude Include="src\TGEP.h">
      <Filter>src</Filter>
    </ClInclude>
    <ClInclude Include="src\Window.h">
      <Filter>src</Filter>
    </ClInclude>
    <ClInclude Include="src\Windows\OpenGL\OpenGLWindow.h">
      <Filter>src\Windows\OpenGL</Filter>
    </ClInclude>
    <ClInclude Include="src\helper.h">
      <Filter>src</Filter>
    </ClInclude>
    <ClInclude Include="src\pch.h">
      <Filter>src</Filter>
    </ClInclude>
    <ClInclude Include="submodules\stb_image\stb_image.h">
      <Filter>submodules\stb_image</Filter>
    </ClInclude>
  </ItemGroup>
  <ItemGroup>
    <ClCompile Include="src\Application.cpp">
      <Filter>src</Filter>
    </ClCompile>
    <ClCompile Include="src\ImGuiBuildcpp.cpp">
      <Filter>src</Filter>
    </ClCompile>
    <ClCompile Include="src\Input.cpp">
      <Filter>src</Filter>
    </ClCompile>
    <ClCompile Include="src\Layer.cpp">
      <Filter>src</Filter>
    </ClCompile>
    <ClCompile Include="src\LayerStack.cpp">
      <Filter>src</Filter>
    </ClCompile>
    <ClCompile Include="src\Layers\ImGuiLayer.cpp">
      <Filter>src\Layers</Filter>
    </ClCompile>
    <ClCompile Include="src\Networking\client.cpp">
      <Filter>src\Networking</Filter>
    </ClCompile>
    <ClCompile Include="src\Networking\connection.cpp">
      <Filter>src\Networking</Filter>
    </ClCompile>
    <ClCompile Include="src\Networking\server.cpp">
      <Filter>src\Networking</Filter>
    </ClCompile>
    <ClCompile Include="src\RenderAPI\OpenGL\OpenGLBuffer.cpp">
      <Filter>src\RenderAPI\OpenGL</Filter>
    </ClCompile>
    <ClCompile Include="src\RenderAPI\OpenGL\OpenGLContext.cpp">
      <Filter>src\RenderAPI\OpenGL</Filter>
    </ClCompile>
    <ClCompile Include="src\RenderAPI\OpenGL\OpenGLRendererAPI.cpp">
      <Filter>src\RenderAPI\OpenGL</Filter>
    </ClCompile>
    <ClCompile Include="src\RenderAPI\OpenGL\OpenGLShader.cpp">
      <Filter>src\RenderAPI\OpenGL</Filter>
    </ClCompile>
    <ClCompile Include="src\RenderAPI\OpenGL\OpenGLTexture.cpp">
      <Filter>src\RenderAPI\OpenGL</Filter>
    </ClCompile>
    <ClCompile Include="src\RenderAPI\OpenGL\OpenGLVertexArray.cpp">
      <Filter>src\RenderAPI\OpenGL</Filter>
    </ClCompile>
    <ClCompile Include="src\Renderer\Buffer.cpp">
      <Filter>src\Renderer</Filter>
    </ClCompile>
    <ClCompile Include="src\Renderer\Camera.cpp">
      <Filter>src\Renderer</Filter>
    </ClCompile>
    <ClCompile Include="src\Renderer\RenderCommand.cpp">
      <Filter>src\Renderer</Filter>
    </ClCompile>
    <ClCompile Include="src\Renderer\Renderer.cpp">
      <Filter>src\Renderer</Filter>
    </ClCompile>
    <ClCompile Include="src\Renderer\RendererAPI.cpp">
      <Filter>src\Renderer</Filter>
    </ClCompile>
    <ClCompile Include="src\Renderer\Shader.cpp">
      <Filter>src\Renderer</Filter>
    </ClCompile>
    <ClCompile Include="src\Renderer\Texture.cpp">
      <Filter>src\Renderer</Filter>
    </ClCompile>
    <ClCompile Include="src\Renderer\VertexArray.cpp">
      <Filter>src\Renderer</Filter>
    </ClCompile>
    <ClCompile Include="src\Window.cpp">
      <Filter>src</Filter>
    </ClCompile>
    <ClCompile Include="src\Windows\OpenGL\OpenGLWindow.cpp">
      <Filter>src\Windows\OpenGL</Filter>
    </ClCompile>
    <ClCompile Include="submodules\stb_image\stb_image.cpp">
      <Filter>submodules\stb_image</Filter>
    </ClCompile>
  </ItemGroup>
</Project>