<?xml version="1.0" encoding="utf-8"?>
<Project ToolsVersion="4.0" xmlns="http://schemas.microsoft.com/developer/msbuild/2003">
  <ItemGroup>
    <Filter Include="src">
      <UniqueIdentifier>{2DAB880B-99B4-887C-2230-9F7C8E38947C}</UniqueIdentifier>
    </Filter>
    <Filter Include="src\Events">
      <UniqueIdentifier>{7162C20E-5D1A-045C-C621-DDB7B2F89E4C}</UniqueIdentifier>
    </Filter>
    <Filter Include="src\Layers">
      <UniqueIdentifier>{4C4DA51D-3805-E76A-A10C-C0C68DE3815B}</UniqueIdentifier>
    </Filter>
    <Filter Include="src\RenderAPI">
      <UniqueIdentifier>{9662D9BB-0223-55F2-CB5D-9E6F37DD99CE}</UniqueIdentifier>
    </Filter>
    <Filter Include="src\RenderAPI\OpenGL">
      <UniqueIdentifier>{0A872652-F615-B01B-9F34-C4168BA2C0C1}</UniqueIdentifier>
    </Filter>
    <Filter Include="src\Renderer">
      <UniqueIdentifier>{73D1DFBF-5F34-6F64-08BA-A71AF4FB3AE7}</UniqueIdentifier>
    </Filter>
    <Filter Include="src\Windows">
      <UniqueIdentifier>{6732F132-D3E7-6928-5CDC-63FFC890602C}</UniqueIdentifier>
    </Filter>
    <Filter Include="src\Windows\OpenGL">
      <UniqueIdentifier>{BB413E26-A725-FF7B-1086-F9CEFC88E9FD}</UniqueIdentifier>
    </Filter>
    <Filter Include="submodules">
      <UniqueIdentifier>{48444C85-34FC-8DD2-9D03-672E89DA28C3}</UniqueIdentifier>
    </Filter>
    <Filter Include="submodules\glm">
      <UniqueIdentifier>{97B2001F-8380-F424-6C14-654B5881D089}</UniqueIdentifier>
    </Filter>
    <Filter Include="submodules\glm\glm">
      <UniqueIdentifier>{66B0D13E-5294-9294-BBF4-8CE7A7F77C16}</UniqueIdentifier>
    </Filter>
    <Filter Include="submodules\glm\glm\detail">
      <UniqueIdentifier>{6879E0C0-D43B-144B-1DEC-A2D789EDEC28}</UniqueIdentifier>
    </Filter>
    <Filter Include="submodules\glm\glm\ext">
      <UniqueIdentifier>{C6F67AB7-B2F0-A309-9B5D-3A1A87F60976}</UniqueIdentifier>
    </Filter>
    <Filter Include="submodules\glm\glm\gtc">
      <UniqueIdentifier>{B3FE7AB7-9FF8-A309-8865-3A1A74FE0976}</UniqueIdentifier>
    </Filter>
    <Filter Include="submodules\glm\glm\gtx">
      <UniqueIdentifier>{C8FE7AB7-B4F8-A309-9D65-3A1A89FE0976}</UniqueIdentifier>
    </Filter>
    <Filter Include="submodules\stb_image">
      <UniqueIdentifier>{E2EE3E33-CE7D-C8FC-779C-DCF7630AD9A2}</UniqueIdentifier>
    </Filter>
  </ItemGroup>
  <ItemGroup>
    <ClInclude Include="src\Application.h">
      <Filter>src</Filter>
    </ClInclude>
    <ClInclude Include="src\CameraController.h">
      <Filter>src</Filter>
    </ClInclude>
    <ClInclude Include="src\Core.h">
      <Filter>src</Filter>
    </ClInclude>
    <ClInclude Include="src\DeltaTime.h">
      <Filter>src</Filter>
    </ClInclude>
    <ClInclude Include="src\EntryPoint.h">
      <Filter>src</Filter>
    </ClInclude>
    <ClInclude Include="src\Events\ApplicationEvent.h">
      <Filter>src\Events</Filter>
    </ClInclude>
    <ClInclude Include="src\Events\Event.h">
      <Filter>src\Events</Filter>
    </ClInclude>
    <ClInclude Include="src\Events\KeyCodes.h">
      <Filter>src\Events</Filter>
    </ClInclude>
    <ClInclude Include="src\Events\KeyEvent.h">
      <Filter>src\Events</Filter>
    </ClInclude>
    <ClInclude Include="src\Events\MouseCodes.h">
      <Filter>src\Events</Filter>
    </ClInclude>
    <ClInclude Include="src\Events\MouseEvent.h">
      <Filter>src\Events</Filter>
    </ClInclude>
    <ClInclude Include="src\Input.h">
      <Filter>src</Filter>
    </ClInclude>
    <ClInclude Include="src\Layer.h">
      <Filter>src</Filter>
    </ClInclude>
    <ClInclude Include="src\LayerStack.h">
      <Filter>src</Filter>
    </ClInclude>
    <ClInclude Include="src\Layers\ImGuiLayer.h">
      <Filter>src\Layers</Filter>
    </ClInclude>
    <ClInclude Include="src\Layers\OpenGLInfoLayer.h">
      <Filter>src\Layers</Filter>
    </ClInclude>
    <ClInclude Include="src\Profiling.h">
      <Filter>src</Filter>
    </ClInclude>
    <ClInclude Include="src\RenderAPI\OpenGL\OpenGLBuffer.h">
      <Filter>src\RenderAPI\OpenGL</Filter>
    </ClInclude>
    <ClInclude Include="src\RenderAPI\OpenGL\OpenGLContext.h">
      <Filter>src\RenderAPI\OpenGL</Filter>
    </ClInclude>
    <ClInclude Include="src\RenderAPI\OpenGL\OpenGLRendererAPI.h">
      <Filter>src\RenderAPI\OpenGL</Filter>
    </ClInclude>
    <ClInclude Include="src\RenderAPI\OpenGL\OpenGLShader.h">
      <Filter>src\RenderAPI\OpenGL</Filter>
    </ClInclude>
    <ClInclude Include="src\RenderAPI\OpenGL\OpenGLTexture.h">
      <Filter>src\RenderAPI\OpenGL</Filter>
    </ClInclude>
    <ClInclude Include="src\RenderAPI\OpenGL\OpenGLVertexArray.h">
      <Filter>src\RenderAPI\OpenGL</Filter>
    </ClInclude>
    <ClInclude Include="src\Renderer\Buffer.h">
      <Filter>src\Renderer</Filter>
    </ClInclude>
    <ClInclude Include="src\Renderer\Camera.h">
      <Filter>src\Renderer</Filter>
    </ClInclude>
    <ClInclude Include="src\Renderer\RenderCommand.h">
      <Filter>src\Renderer</Filter>
    </ClInclude>
    <ClInclude Include="src\Renderer\RenderContext.h">
      <Filter>src\Renderer</Filter>
    </ClInclude>
    <ClInclude Include="src\Renderer\Renderer.h">
      <Filter>src\Renderer</Filter>
    </ClInclude>
    <ClInclude Include="src\Renderer\RendererAPI.h">
      <Filter>src\Renderer</Filter>
    </ClInclude>
    <ClInclude Include="src\Renderer\Shader.h">
      <Filter>src\Renderer</Filter>
    </ClInclude>
    <ClInclude Include="src\Renderer\Texture.h">
      <Filter>src\Renderer</Filter>
    </ClInclude>
    <ClInclude Include="src\Renderer\VertexArray.h">
      <Filter>src\Renderer</Filter>
    </ClInclude>
    <ClInclude Include="src\TGEP.h">
      <Filter>src</Filter>
    </ClInclude>
    <ClInclude Include="src\Window.h">
      <Filter>src</Filter>
    </ClInclude>
    <ClInclude Include="src\Windows\OpenGL\OpenGLWindow.h">
      <Filter>src\Windows\OpenGL</Filter>
    </ClInclude>
    <ClInclude Include="src\helper.h">
      <Filter>src</Filter>
    </ClInclude>
    <ClInclude Include="src\pch.h">
      <Filter>src</Filter>
    </ClInclude>
    <ClInclude Include="submodules\glm\glm\common.hpp">
      <Filter>submodules\glm\glm</Filter>
    </ClInclude>
    <ClInclude Include="submodules\glm\glm\detail\_features.hpp">
      <Filter>submodules\glm\glm\detail</Filter>
    </ClInclude>
    <ClInclude Include="submodules\glm\glm\detail\_fixes.hpp">
      <Filter>submodules\glm\glm\detail</Filter>
    </ClInclude>
    <ClInclude Include="submodules\glm\glm\detail\_noise.hpp">
      <Filter>submodules\glm\glm\detail</Filter>
    </ClInclude>
    <ClInclude Include="submodules\glm\glm\detail\_swizzle.hpp">
      <Filter>submodules\glm\glm\detail</Filter>
    </ClInclude>
    <ClInclude Include="submodules\glm\glm\detail\_swizzle_func.hpp">
      <Filter>submodules\glm\glm\detail</Filter>
    </ClInclude>
    <ClInclude Include="submodules\glm\glm\detail\_vectorize.hpp">
      <Filter>submodules\glm\glm\detail</Filter>
    </ClInclude>
    <ClInclude Include="submodules\glm\glm\detail\compute_common.hpp">
      <Filter>submodules\glm\glm\detail</Filter>
    </ClInclude>
    <ClInclude Include="submodules\glm\glm\detail\compute_vector_relational.hpp">
      <Filter>submodules\glm\glm\detail</Filter>
    </ClInclude>
    <ClInclude Include="submodules\glm\glm\detail\func_common.inl">
      <Filter>submodules\glm\glm\detail</Filter>
    </ClInclude>
    <ClInclude Include="submodules\glm\glm\detail\func_common_simd.inl">
      <Filter>submodules\glm\glm\detail</Filter>
    </ClInclude>
    <ClInclude Include="submodules\glm\glm\detail\func_exponential.inl">
      <Filter>submodules\glm\glm\detail</Filter>
    </ClInclude>
    <ClInclude Include="submodules\glm\glm\detail\func_exponential_simd.inl">
      <Filter>submodules\glm\glm\detail</Filter>
    </ClInclude>
    <ClInclude Include="submodules\glm\glm\detail\func_geometric.inl">
      <Filter>submodules\glm\glm\detail</Filter>
    </ClInclude>
    <ClInclude Include="submodules\glm\glm\detail\func_geometric_simd.inl">
      <Filter>submodules\glm\glm\detail</Filter>
    </ClInclude>
    <ClInclude Include="submodules\glm\glm\detail\func_integer.inl">
      <Filter>submodules\glm\glm\detail</Filter>
    </ClInclude>
    <ClInclude Include="submodules\glm\glm\detail\func_integer_simd.inl">
      <Filter>submodules\glm\glm\detail</Filter>
    </ClInclude>
    <ClInclude Include="submodules\glm\glm\detail\func_matrix.inl">
      <Filter>submodules\glm\glm\detail</Filter>
    </ClInclude>
    <ClInclude Include="submodules\glm\glm\detail\func_matrix_simd.inl">
      <Filter>submodules\glm\glm\detail</Filter>
    </ClInclude>
    <ClInclude Include="submodules\glm\glm\detail\func_packing.inl">
      <Filter>submodules\glm\glm\detail</Filter>
    </ClInclude>
    <ClInclude Include="submodules\glm\glm\detail\func_packing_simd.inl">
      <Filter>submodules\glm\glm\detail</Filter>
    </ClInclude>
    <ClInclude Include="submodules\glm\glm\detail\func_trigonometric.inl">
      <Filter>submodules\glm\glm\detail</Filter>
    </ClInclude>
    <ClInclude Include="submodules\glm\glm\detail\func_trigonometric_simd.inl">
      <Filter>submodules\glm\glm\detail</Filter>
    </ClInclude>
    <ClInclude Include="submodules\glm\glm\detail\func_vector_relational.inl">
      <Filter>submodules\glm\glm\detail</Filter>
    </ClInclude>
    <ClInclude Include="submodules\glm\glm\detail\func_vector_relational_simd.inl">
      <Filter>submodules\glm\glm\detail</Filter>
    </ClInclude>
    <ClInclude Include="submodules\glm\glm\detail\qualifier.hpp">
      <Filter>submodules\glm\glm\detail</Filter>
    </ClInclude>
    <ClInclude Include="submodules\glm\glm\detail\setup.hpp">
      <Filter>submodules\glm\glm\detail</Filter>
    </ClInclude>
    <ClInclude Include="submodules\glm\glm\detail\type_float.hpp">
      <Filter>submodules\glm\glm\detail</Filter>
    </ClInclude>
    <ClInclude Include="submodules\glm\glm\detail\type_half.hpp">
      <Filter>submodules\glm\glm\detail</Filter>
    </ClInclude>
    <ClInclude Include="submodules\glm\glm\detail\type_half.inl">
      <Filter>submodules\glm\glm\detail</Filter>
    </ClInclude>
    <ClInclude Include="submodules\glm\glm\detail\type_mat2x2.hpp">
      <Filter>submodules\glm\glm\detail</Filter>
    </ClInclude>
    <ClInclude Include="submodules\glm\glm\detail\type_mat2x2.inl">
      <Filter>submodules\glm\glm\detail</Filter>
    </ClInclude>
    <ClInclude Include="submodules\glm\glm\detail\type_mat2x3.hpp">
      <Filter>submodules\glm\glm\detail</Filter>
    </ClInclude>
    <ClInclude Include="submodules\glm\glm\detail\type_mat2x3.inl">
      <Filter>submodules\glm\glm\detail</Filter>
    </ClInclude>
    <ClInclude Include="submodules\glm\glm\detail\type_mat2x4.hpp">
      <Filter>submodules\glm\glm\detail</Filter>
    </ClInclude>
    <ClInclude Include="submodules\glm\glm\detail\type_mat2x4.inl">
      <Filter>submodules\glm\glm\detail</Filter>
    </ClInclude>
    <ClInclude Include="submodules\glm\glm\detail\type_mat3x2.hpp">
      <Filter>submodules\glm\glm\detail</Filter>
    </ClInclude>
    <ClInclude Include="submodules\glm\glm\detail\type_mat3x2.inl">
      <Filter>submodules\glm\glm\detail</Filter>
    </ClInclude>
    <ClInclude Include="submodules\glm\glm\detail\type_mat3x3.hpp">
      <Filter>submodules\glm\glm\detail</Filter>
    </ClInclude>
    <ClInclude Include="submodules\glm\glm\detail\type_mat3x3.inl">
      <Filter>submodules\glm\glm\detail</Filter>
    </ClInclude>
    <ClInclude Include="submodules\glm\glm\detail\type_mat3x4.hpp">
      <Filter>submodules\glm\glm\detail</Filter>
    </ClInclude>
    <ClInclude Include="submodules\glm\glm\detail\type_mat3x4.inl">
      <Filter>submodules\glm\glm\detail</Filter>
    </ClInclude>
    <ClInclude Include="submodules\glm\glm\detail\type_mat4x2.hpp">
      <Filter>submodules\glm\glm\detail</Filter>
    </ClInclude>
    <ClInclude Include="submodules\glm\glm\detail\type_mat4x2.inl">
      <Filter>submodules\glm\glm\detail</Filter>
    </ClInclude>
    <ClInclude Include="submodules\glm\glm\detail\type_mat4x3.hpp">
      <Filter>submodules\glm\glm\detail</Filter>
    </ClInclude>
    <ClInclude Include="submodules\glm\glm\detail\type_mat4x3.inl">
      <Filter>submodules\glm\glm\detail</Filter>
    </ClInclude>
    <ClInclude Include="submodules\glm\glm\detail\type_mat4x4.hpp">
      <Filter>submodules\glm\glm\detail</Filter>
    </ClInclude>
    <ClInclude Include="submodules\glm\glm\detail\type_mat4x4.inl">
      <Filter>submodules\glm\glm\detail</Filter>
    </ClInclude>
    <ClInclude Include="submodules\glm\glm\detail\type_mat4x4_simd.inl">
      <Filter>submodules\glm\glm\detail</Filter>
    </ClInclude>
    <ClInclude Include="submodules\glm\glm\detail\type_quat.hpp">
      <Filter>submodules\glm\glm\detail</Filter>
    </ClInclude>
    <ClInclude Include="submodules\glm\glm\detail\type_quat.inl">
      <Filter>submodules\glm\glm\detail</Filter>
    </ClInclude>
    <ClInclude Include="submodules\glm\glm\detail\type_quat_simd.inl">
      <Filter>submodules\glm\glm\detail</Filter>
    </ClInclude>
    <ClInclude Include="submodules\glm\glm\detail\type_vec1.hpp">
      <Filter>submodules\glm\glm\detail</Filter>
    </ClInclude>
    <ClInclude Include="submodules\glm\glm\detail\type_vec1.inl">
      <Filter>submodules\glm\glm\detail</Filter>
    </ClInclude>
    <ClInclude Include="submodules\glm\glm\detail\type_vec2.hpp">
      <Filter>submodules\glm\glm\detail</Filter>
    </ClInclude>
    <ClInclude Include="submodules\glm\glm\detail\type_vec2.inl">
      <Filter>submodules\glm\glm\detail</Filter>
    </ClInclude>
    <ClInclude Include="submodules\glm\glm\detail\type_vec3.hpp">
      <Filter>submodules\glm\glm\detail</Filter>
    </ClInclude>
    <ClInclude Include="submodules\glm\glm\detail\type_vec3.inl">
      <Filter>submodules\glm\glm\detail</Filter>
    </ClInclude>
    <ClInclude Include="submodules\glm\glm\detail\type_vec4.hpp">
      <Filter>submodules\glm\glm\detail</Filter>
    </ClInclude>
    <ClInclude Include="submodules\glm\glm\detail\type_vec4.inl">
      <Filter>submodules\glm\glm\detail</Filter>
    </ClInclude>
    <ClInclude Include="submodules\glm\glm\detail\type_vec4_simd.inl">
      <Filter>submodules\glm\glm\detail</Filter>
    </ClInclude>
    <ClInclude Include="submodules\glm\glm\exponential.hpp">
      <Filter>submodules\glm\glm</Filter>
    </ClInclude>
    <ClInclude Include="submodules\glm\glm\ext.hpp">
      <Filter>submodules\glm\glm</Filter>
    </ClInclude>
    <ClInclude Include="submodules\glm\glm\ext\matrix_clip_space.hpp">
      <Filter>submodules\glm\glm\ext</Filter>
    </ClInclude>
    <ClInclude Include="submodules\glm\glm\ext\matrix_clip_space.inl">
      <Filter>submodules\glm\glm\ext</Filter>
    </ClInclude>
    <ClInclude Include="submodules\glm\glm\ext\matrix_common.hpp">
      <Filter>submodules\glm\glm\ext</Filter>
    </ClInclude>
    <ClInclude Include="submodules\glm\glm\ext\matrix_common.inl">
      <Filter>submodules\glm\glm\ext</Filter>
    </ClInclude>
    <ClInclude Include="submodules\glm\glm\ext\matrix_double2x2.hpp">
      <Filter>submodules\glm\glm\ext</Filter>
    </ClInclude>
    <ClInclude Include="submodules\glm\glm\ext\matrix_double2x2_precision.hpp">
      <Filter>submodules\glm\glm\ext</Filter>
    </ClInclude>
    <ClInclude Include="submodules\glm\glm\ext\matrix_double2x3.hpp">
      <Filter>submodules\glm\glm\ext</Filter>
    </ClInclude>
    <ClInclude Include="submodules\glm\glm\ext\matrix_double2x3_precision.hpp">
      <Filter>submodules\glm\glm\ext</Filter>
    </ClInclude>
    <ClInclude Include="submodules\glm\glm\ext\matrix_double2x4.hpp">
      <Filter>submodules\glm\glm\ext</Filter>
    </ClInclude>
    <ClInclude Include="submodules\glm\glm\ext\matrix_double2x4_precision.hpp">
      <Filter>submodules\glm\glm\ext</Filter>
    </ClInclude>
    <ClInclude Include="submodules\glm\glm\ext\matrix_double3x2.hpp">
      <Filter>submodules\glm\glm\ext</Filter>
    </ClInclude>
    <ClInclude Include="submodules\glm\glm\ext\matrix_double3x2_precision.hpp">
      <Filter>submodules\glm\glm\ext</Filter>
    </ClInclude>
    <ClInclude Include="submodules\glm\glm\ext\matrix_double3x3.hpp">
      <Filter>submodules\glm\glm\ext</Filter>
    </ClInclude>
    <ClInclude Include="submodules\glm\glm\ext\matrix_double3x3_precision.hpp">
      <Filter>submodules\glm\glm\ext</Filter>
    </ClInclude>
    <ClInclude Include="submodules\glm\glm\ext\matrix_double3x4.hpp">
      <Filter>submodules\glm\glm\ext</Filter>
    </ClInclude>
    <ClInclude Include="submodules\glm\glm\ext\matrix_double3x4_precision.hpp">
      <Filter>submodules\glm\glm\ext</Filter>
    </ClInclude>
    <ClInclude Include="submodules\glm\glm\ext\matrix_double4x2.hpp">
      <Filter>submodules\glm\glm\ext</Filter>
    </ClInclude>
    <ClInclude Include="submodules\glm\glm\ext\matrix_double4x2_precision.hpp">
      <Filter>submodules\glm\glm\ext</Filter>
    </ClInclude>
    <ClInclude Include="submodules\glm\glm\ext\matrix_double4x3.hpp">
      <Filter>submodules\glm\glm\ext</Filter>
    </ClInclude>
    <ClInclude Include="submodules\glm\glm\ext\matrix_double4x3_precision.hpp">
      <Filter>submodules\glm\glm\ext</Filter>
    </ClInclude>
    <ClInclude Include="submodules\glm\glm\ext\matrix_double4x4.hpp">
      <Filter>submodules\glm\glm\ext</Filter>
    </ClInclude>
    <ClInclude Include="submodules\glm\glm\ext\matrix_double4x4_precision.hpp">
      <Filter>submodules\glm\glm\ext</Filter>
    </ClInclude>
    <ClInclude Include="submodules\glm\glm\ext\matrix_float2x2.hpp">
      <Filter>submodules\glm\glm\ext</Filter>
    </ClInclude>
    <ClInclude Include="submodules\glm\glm\ext\matrix_float2x2_precision.hpp">
      <Filter>submodules\glm\glm\ext</Filter>
    </ClInclude>
    <ClInclude Include="submodules\glm\glm\ext\matrix_float2x3.hpp">
      <Filter>submodules\glm\glm\ext</Filter>
    </ClInclude>
    <ClInclude Include="submodules\glm\glm\ext\matrix_float2x3_precision.hpp">
      <Filter>submodules\glm\glm\ext</Filter>
    </ClInclude>
    <ClInclude Include="submodules\glm\glm\ext\matrix_float2x4.hpp">
      <Filter>submodules\glm\glm\ext</Filter>
    </ClInclude>
    <ClInclude Include="submodules\glm\glm\ext\matrix_float2x4_precision.hpp">
      <Filter>submodules\glm\glm\ext</Filter>
    </ClInclude>
    <ClInclude Include="submodules\glm\glm\ext\matrix_float3x2.hpp">
      <Filter>submodules\glm\glm\ext</Filter>
    </ClInclude>
    <ClInclude Include="submodules\glm\glm\ext\matrix_float3x2_precision.hpp">
      <Filter>submodules\glm\glm\ext</Filter>
    </ClInclude>
    <ClInclude Include="submodules\glm\glm\ext\matrix_float3x3.hpp">
      <Filter>submodules\glm\glm\ext</Filter>
    </ClInclude>
    <ClInclude Include="submodules\glm\glm\ext\matrix_float3x3_precision.hpp">
      <Filter>submodules\glm\glm\ext</Filter>
    </ClInclude>
    <ClInclude Include="submodules\glm\glm\ext\matrix_float3x4.hpp">
      <Filter>submodules\glm\glm\ext</Filter>
    </ClInclude>
    <ClInclude Include="submodules\glm\glm\ext\matrix_float3x4_precision.hpp">
      <Filter>submodules\glm\glm\ext</Filter>
    </ClInclude>
    <ClInclude Include="submodules\glm\glm\ext\matrix_float4x2.hpp">
      <Filter>submodules\glm\glm\ext</Filter>
    </ClInclude>
    <ClInclude Include="submodules\glm\glm\ext\matrix_float4x2_precision.hpp">
      <Filter>submodules\glm\glm\ext</Filter>
    </ClInclude>
    <ClInclude Include="submodules\glm\glm\ext\matrix_float4x3.hpp">
      <Filter>submodules\glm\glm\ext</Filter>
    </ClInclude>
    <ClInclude Include="submodules\glm\glm\ext\matrix_float4x3_precision.hpp">
      <Filter>submodules\glm\glm\ext</Filter>
    </ClInclude>
    <ClInclude Include="submodules\glm\glm\ext\matrix_float4x4.hpp">
      <Filter>submodules\glm\glm\ext</Filter>
    </ClInclude>
    <ClInclude Include="submodules\glm\glm\ext\matrix_float4x4_precision.hpp">
      <Filter>submodules\glm\glm\ext</Filter>
    </ClInclude>
    <ClInclude Include="submodules\glm\glm\ext\matrix_int2x2.hpp">
      <Filter>submodules\glm\glm\ext</Filter>
    </ClInclude>
    <ClInclude Include="submodules\glm\glm\ext\matrix_int2x2_sized.hpp">
      <Filter>submodules\glm\glm\ext</Filter>
    </ClInclude>
    <ClInclude Include="submodules\glm\glm\ext\matrix_int2x3.hpp">
      <Filter>submodules\glm\glm\ext</Filter>
    </ClInclude>
    <ClInclude Include="submodules\glm\glm\ext\matrix_int2x3_sized.hpp">
      <Filter>submodules\glm\glm\ext</Filter>
    </ClInclude>
    <ClInclude Include="submodules\glm\glm\ext\matrix_int2x4.hpp">
      <Filter>submodules\glm\glm\ext</Filter>
    </ClInclude>
    <ClInclude Include="submodules\glm\glm\ext\matrix_int2x4_sized.hpp">
      <Filter>submodules\glm\glm\ext</Filter>
    </ClInclude>
    <ClInclude Include="submodules\glm\glm\ext\matrix_int3x2.hpp">
      <Filter>submodules\glm\glm\ext</Filter>
    </ClInclude>
    <ClInclude Include="submodules\glm\glm\ext\matrix_int3x2_sized.hpp">
      <Filter>submodules\glm\glm\ext</Filter>
    </ClInclude>
    <ClInclude Include="submodules\glm\glm\ext\matrix_int3x3.hpp">
      <Filter>submodules\glm\glm\ext</Filter>
    </ClInclude>
    <ClInclude Include="submodules\glm\glm\ext\matrix_int3x3_sized.hpp">
      <Filter>submodules\glm\glm\ext</Filter>
    </ClInclude>
    <ClInclude Include="submodules\glm\glm\ext\matrix_int3x4.hpp">
      <Filter>submodules\glm\glm\ext</Filter>
    </ClInclude>
    <ClInclude Include="submodules\glm\glm\ext\matrix_int3x4_sized.hpp">
      <Filter>submodules\glm\glm\ext</Filter>
    </ClInclude>
    <ClInclude Include="submodules\glm\glm\ext\matrix_int4x2.hpp">
      <Filter>submodules\glm\glm\ext</Filter>
    </ClInclude>
    <ClInclude Include="submodules\glm\glm\ext\matrix_int4x2_sized.hpp">
      <Filter>submodules\glm\glm\ext</Filter>
    </ClInclude>
    <ClInclude Include="submodules\glm\glm\ext\matrix_int4x3.hpp">
      <Filter>submodules\glm\glm\ext</Filter>
    </ClInclude>
    <ClInclude Include="submodules\glm\glm\ext\matrix_int4x3_sized.hpp">
      <Filter>submodules\glm\glm\ext</Filter>
    </ClInclude>
    <ClInclude Include="submodules\glm\glm\ext\matrix_int4x4.hpp">
      <Filter>submodules\glm\glm\ext</Filter>
    </ClInclude>
    <ClInclude Include="submodules\glm\glm\ext\matrix_int4x4_sized.hpp">
      <Filter>submodules\glm\glm\ext</Filter>
    </ClInclude>
    <ClInclude Include="submodules\glm\glm\ext\matrix_integer.hpp">
      <Filter>submodules\glm\glm\ext</Filter>
    </ClInclude>
    <ClInclude Include="submodules\glm\glm\ext\matrix_integer.inl">
      <Filter>submodules\glm\glm\ext</Filter>
    </ClInclude>
    <ClInclude Include="submodules\glm\glm\ext\matrix_projection.hpp">
      <Filter>submodules\glm\glm\ext</Filter>
    </ClInclude>
    <ClInclude Include="submodules\glm\glm\ext\matrix_projection.inl">
      <Filter>submodules\glm\glm\ext</Filter>
    </ClInclude>
    <ClInclude Include="submodules\glm\glm\ext\matrix_relational.hpp">
      <Filter>submodules\glm\glm\ext</Filter>
    </ClInclude>
    <ClInclude Include="submodules\glm\glm\ext\matrix_relational.inl">
      <Filter>submodules\glm\glm\ext</Filter>
    </ClInclude>
    <ClInclude Include="submodules\glm\glm\ext\matrix_transform.hpp">
      <Filter>submodules\glm\glm\ext</Filter>
    </ClInclude>
    <ClInclude Include="submodules\glm\glm\ext\matrix_transform.inl">
      <Filter>submodules\glm\glm\ext</Filter>
    </ClInclude>
    <ClInclude Include="submodules\glm\glm\ext\matrix_uint2x2.hpp">
      <Filter>submodules\glm\glm\ext</Filter>
    </ClInclude>
    <ClInclude Include="submodules\glm\glm\ext\matrix_uint2x2_sized.hpp">
      <Filter>submodules\glm\glm\ext</Filter>
    </ClInclude>
    <ClInclude Include="submodules\glm\glm\ext\matrix_uint2x3.hpp">
      <Filter>submodules\glm\glm\ext</Filter>
    </ClInclude>
    <ClInclude Include="submodules\glm\glm\ext\matrix_uint2x3_sized.hpp">
      <Filter>submodules\glm\glm\ext</Filter>
    </ClInclude>
    <ClInclude Include="submodules\glm\glm\ext\matrix_uint2x4.hpp">
      <Filter>submodules\glm\glm\ext</Filter>
    </ClInclude>
    <ClInclude Include="submodules\glm\glm\ext\matrix_uint2x4_sized.hpp">
      <Filter>submodules\glm\glm\ext</Filter>
    </ClInclude>
    <ClInclude Include="submodules\glm\glm\ext\matrix_uint3x2.hpp">
      <Filter>submodules\glm\glm\ext</Filter>
    </ClInclude>
    <ClInclude Include="submodules\glm\glm\ext\matrix_uint3x2_sized.hpp">
      <Filter>submodules\glm\glm\ext</Filter>
    </ClInclude>
    <ClInclude Include="submodules\glm\glm\ext\matrix_uint3x3.hpp">
      <Filter>submodules\glm\glm\ext</Filter>
    </ClInclude>
    <ClInclude Include="submodules\glm\glm\ext\matrix_uint3x3_sized.hpp">
      <Filter>submodules\glm\glm\ext</Filter>
    </ClInclude>
    <ClInclude Include="submodules\glm\glm\ext\matrix_uint3x4.hpp">
      <Filter>submodules\glm\glm\ext</Filter>
    </ClInclude>
    <ClInclude Include="submodules\glm\glm\ext\matrix_uint3x4_sized.hpp">
      <Filter>submodules\glm\glm\ext</Filter>
    </ClInclude>
    <ClInclude Include="submodules\glm\glm\ext\matrix_uint4x2.hpp">
      <Filter>submodules\glm\glm\ext</Filter>
    </ClInclude>
    <ClInclude Include="submodules\glm\glm\ext\matrix_uint4x2_sized.hpp">
      <Filter>submodules\glm\glm\ext</Filter>
    </ClInclude>
    <ClInclude Include="submodules\glm\glm\ext\matrix_uint4x3.hpp">
      <Filter>submodules\glm\glm\ext</Filter>
    </ClInclude>
    <ClInclude Include="submodules\glm\glm\ext\matrix_uint4x3_sized.hpp">
      <Filter>submodules\glm\glm\ext</Filter>
    </ClInclude>
    <ClInclude Include="submodules\glm\glm\ext\matrix_uint4x4.hpp">
      <Filter>submodules\glm\glm\ext</Filter>
    </ClInclude>
    <ClInclude Include="submodules\glm\glm\ext\matrix_uint4x4_sized.hpp">
      <Filter>submodules\glm\glm\ext</Filter>
    </ClInclude>
    <ClInclude Include="submodules\glm\glm\ext\quaternion_common.hpp">
      <Filter>submodules\glm\glm\ext</Filter>
    </ClInclude>
    <ClInclude Include="submodules\glm\glm\ext\quaternion_common.inl">
      <Filter>submodules\glm\glm\ext</Filter>
    </ClInclude>
    <ClInclude Include="submodules\glm\glm\ext\quaternion_common_simd.inl">
      <Filter>submodules\glm\glm\ext</Filter>
    </ClInclude>
    <ClInclude Include="submodules\glm\glm\ext\quaternion_double.hpp">
      <Filter>submodules\glm\glm\ext</Filter>
    </ClInclude>
    <ClInclude Include="submodules\glm\glm\ext\quaternion_double_precision.hpp">
      <Filter>submodules\glm\glm\ext</Filter>
    </ClInclude>
    <ClInclude Include="submodules\glm\glm\ext\quaternion_exponential.hpp">
      <Filter>submodules\glm\glm\ext</Filter>
    </ClInclude>
    <ClInclude Include="submodules\glm\glm\ext\quaternion_exponential.inl">
      <Filter>submodules\glm\glm\ext</Filter>
    </ClInclude>
    <ClInclude Include="submodules\glm\glm\ext\quaternion_float.hpp">
      <Filter>submodules\glm\glm\ext</Filter>
    </ClInclude>
    <ClInclude Include="submodules\glm\glm\ext\quaternion_float_precision.hpp">
      <Filter>submodules\glm\glm\ext</Filter>
    </ClInclude>
    <ClInclude Include="submodules\glm\glm\ext\quaternion_geometric.hpp">
      <Filter>submodules\glm\glm\ext</Filter>
    </ClInclude>
    <ClInclude Include="submodules\glm\glm\ext\quaternion_geometric.inl">
      <Filter>submodules\glm\glm\ext</Filter>
    </ClInclude>
    <ClInclude Include="submodules\glm\glm\ext\quaternion_relational.hpp">
      <Filter>submodules\glm\glm\ext</Filter>
    </ClInclude>
    <ClInclude Include="submodules\glm\glm\ext\quaternion_relational.inl">
      <Filter>submodules\glm\glm\ext</Filter>
    </ClInclude>
    <ClInclude Include="submodules\glm\glm\ext\quaternion_transform.hpp">
      <Filter>submodules\glm\glm\ext</Filter>
    </ClInclude>
    <ClInclude Include="submodules\glm\glm\ext\quaternion_transform.inl">
      <Filter>submodules\glm\glm\ext</Filter>
    </ClInclude>
    <ClInclude Include="submodules\glm\glm\ext\quaternion_trigonometric.hpp">
      <Filter>submodules\glm\glm\ext</Filter>
    </ClInclude>
    <ClInclude Include="submodules\glm\glm\ext\quaternion_trigonometric.inl">
      <Filter>submodules\glm\glm\ext</Filter>
    </ClInclude>
    <ClInclude Include="submodules\glm\glm\ext\scalar_common.hpp">
      <Filter>submodules\glm\glm\ext</Filter>
    </ClInclude>
    <ClInclude Include="submodules\glm\glm\ext\scalar_common.inl">
      <Filter>submodules\glm\glm\ext</Filter>
    </ClInclude>
    <ClInclude Include="submodules\glm\glm\ext\scalar_constants.hpp">
      <Filter>submodules\glm\glm\ext</Filter>
    </ClInclude>
    <ClInclude Include="submodules\glm\glm\ext\scalar_constants.inl">
      <Filter>submodules\glm\glm\ext</Filter>
    </ClInclude>
    <ClInclude Include="submodules\glm\glm\ext\scalar_int_sized.hpp">
      <Filter>submodules\glm\glm\ext</Filter>
    </ClInclude>
    <ClInclude Include="submodules\glm\glm\ext\scalar_integer.hpp">
      <Filter>submodules\glm\glm\ext</Filter>
    </ClInclude>
    <ClInclude Include="submodules\glm\glm\ext\scalar_integer.inl">
      <Filter>submodules\glm\glm\ext</Filter>
    </ClInclude>
    <ClInclude Include="submodules\glm\glm\ext\scalar_packing.hpp">
      <Filter>submodules\glm\glm\ext</Filter>
    </ClInclude>
    <ClInclude Include="submodules\glm\glm\ext\scalar_packing.inl">
      <Filter>submodules\glm\glm\ext</Filter>
    </ClInclude>
    <ClInclude Include="submodules\glm\glm\ext\scalar_reciprocal.hpp">
      <Filter>submodules\glm\glm\ext</Filter>
    </ClInclude>
    <ClInclude Include="submodules\glm\glm\ext\scalar_reciprocal.inl">
      <Filter>submodules\glm\glm\ext</Filter>
    </ClInclude>
    <ClInclude Include="submodules\glm\glm\ext\scalar_relational.hpp">
      <Filter>submodules\glm\glm\ext</Filter>
    </ClInclude>
    <ClInclude Include="submodules\glm\glm\ext\scalar_relational.inl">
      <Filter>submodules\glm\glm\ext</Filter>
    </ClInclude>
    <ClInclude Include="submodules\glm\glm\ext\scalar_uint_sized.hpp">
      <Filter>submodules\glm\glm\ext</Filter>
    </ClInclude>
    <ClInclude Include="submodules\glm\glm\ext\scalar_ulp.hpp">
      <Filter>submodules\glm\glm\ext</Filter>
    </ClInclude>
    <ClInclude Include="submodules\glm\glm\ext\scalar_ulp.inl">
      <Filter>submodules\glm\glm\ext</Filter>
    </ClInclude>
    <ClInclude Include="submodules\glm\glm\ext\vector_bool1.hpp">
      <Filter>submodules\glm\glm\ext</Filter>
    </ClInclude>
    <ClInclude Include="submodules\glm\glm\ext\vector_bool1_precision.hpp">
      <Filter>submodules\glm\glm\ext</Filter>
    </ClInclude>
    <ClInclude Include="submodules\glm\glm\ext\vector_bool2.hpp">
      <Filter>submodules\glm\glm\ext</Filter>
    </ClInclude>
    <ClInclude Include="submodules\glm\glm\ext\vector_bool2_precision.hpp">
      <Filter>submodules\glm\glm\ext</Filter>
    </ClInclude>
    <ClInclude Include="submodules\glm\glm\ext\vector_bool3.hpp">
      <Filter>submodules\glm\glm\ext</Filter>
    </ClInclude>
    <ClInclude Include="submodules\glm\glm\ext\vector_bool3_precision.hpp">
      <Filter>submodules\glm\glm\ext</Filter>
    </ClInclude>
    <ClInclude Include="submodules\glm\glm\ext\vector_bool4.hpp">
      <Filter>submodules\glm\glm\ext</Filter>
    </ClInclude>
    <ClInclude Include="submodules\glm\glm\ext\vector_bool4_precision.hpp">
      <Filter>submodules\glm\glm\ext</Filter>
    </ClInclude>
    <ClInclude Include="submodules\glm\glm\ext\vector_common.hpp">
      <Filter>submodules\glm\glm\ext</Filter>
    </ClInclude>
    <ClInclude Include="submodules\glm\glm\ext\vector_common.inl">
      <Filter>submodules\glm\glm\ext</Filter>
    </ClInclude>
    <ClInclude Include="submodules\glm\glm\ext\vector_double1.hpp">
      <Filter>submodules\glm\glm\ext</Filter>
    </ClInclude>
    <ClInclude Include="submodules\glm\glm\ext\vector_double1_precision.hpp">
      <Filter>submodules\glm\glm\ext</Filter>
    </ClInclude>
    <ClInclude Include="submodules\glm\glm\ext\vector_double2.hpp">
      <Filter>submodules\glm\glm\ext</Filter>
    </ClInclude>
    <ClInclude Include="submodules\glm\glm\ext\vector_double2_precision.hpp">
      <Filter>submodules\glm\glm\ext</Filter>
    </ClInclude>
    <ClInclude Include="submodules\glm\glm\ext\vector_double3.hpp">
      <Filter>submodules\glm\glm\ext</Filter>
    </ClInclude>
    <ClInclude Include="submodules\glm\glm\ext\vector_double3_precision.hpp">
      <Filter>submodules\glm\glm\ext</Filter>
    </ClInclude>
    <ClInclude Include="submodules\glm\glm\ext\vector_double4.hpp">
      <Filter>submodules\glm\glm\ext</Filter>
    </ClInclude>
    <ClInclude Include="submodules\glm\glm\ext\vector_double4_precision.hpp">
      <Filter>submodules\glm\glm\ext</Filter>
    </ClInclude>
    <ClInclude Include="submodules\glm\glm\ext\vector_float1.hpp">
      <Filter>submodules\glm\glm\ext</Filter>
    </ClInclude>
    <ClInclude Include="submodules\glm\glm\ext\vector_float1_precision.hpp">
      <Filter>submodules\glm\glm\ext</Filter>
    </ClInclude>
    <ClInclude Include="submodules\glm\glm\ext\vector_float2.hpp">
      <Filter>submodules\glm\glm\ext</Filter>
    </ClInclude>
    <ClInclude Include="submodules\glm\glm\ext\vector_float2_precision.hpp">
      <Filter>submodules\glm\glm\ext</Filter>
    </ClInclude>
    <ClInclude Include="submodules\glm\glm\ext\vector_float3.hpp">
      <Filter>submodules\glm\glm\ext</Filter>
    </ClInclude>
    <ClInclude Include="submodules\glm\glm\ext\vector_float3_precision.hpp">
      <Filter>submodules\glm\glm\ext</Filter>
    </ClInclude>
    <ClInclude Include="submodules\glm\glm\ext\vector_float4.hpp">
      <Filter>submodules\glm\glm\ext</Filter>
    </ClInclude>
    <ClInclude Include="submodules\glm\glm\ext\vector_float4_precision.hpp">
      <Filter>submodules\glm\glm\ext</Filter>
    </ClInclude>
    <ClInclude Include="submodules\glm\glm\ext\vector_int1.hpp">
      <Filter>submodules\glm\glm\ext</Filter>
    </ClInclude>
    <ClInclude Include="submodules\glm\glm\ext\vector_int1_sized.hpp">
      <Filter>submodules\glm\glm\ext</Filter>
    </ClInclude>
    <ClInclude Include="submodules\glm\glm\ext\vector_int2.hpp">
      <Filter>submodules\glm\glm\ext</Filter>
    </ClInclude>
    <ClInclude Include="submodules\glm\glm\ext\vector_int2_sized.hpp">
      <Filter>submodules\glm\glm\ext</Filter>
    </ClInclude>
    <ClInclude Include="submodules\glm\glm\ext\vector_int3.hpp">
      <Filter>submodules\glm\glm\ext</Filter>
    </ClInclude>
    <ClInclude Include="submodules\glm\glm\ext\vector_int3_sized.hpp">
      <Filter>submodules\glm\glm\ext</Filter>
    </ClInclude>
    <ClInclude Include="submodules\glm\glm\ext\vector_int4.hpp">
      <Filter>submodules\glm\glm\ext</Filter>
    </ClInclude>
    <ClInclude Include="submodules\glm\glm\ext\vector_int4_sized.hpp">
      <Filter>submodules\glm\glm\ext</Filter>
    </ClInclude>
    <ClInclude Include="submodules\glm\glm\ext\vector_integer.hpp">
      <Filter>submodules\glm\glm\ext</Filter>
    </ClInclude>
    <ClInclude Include="submodules\glm\glm\ext\vector_integer.inl">
      <Filter>submodules\glm\glm\ext</Filter>
    </ClInclude>
    <ClInclude Include="submodules\glm\glm\ext\vector_packing.hpp">
      <Filter>submodules\glm\glm\ext</Filter>
    </ClInclude>
    <ClInclude Include="submodules\glm\glm\ext\vector_packing.inl">
      <Filter>submodules\glm\glm\ext</Filter>
    </ClInclude>
    <ClInclude Include="submodules\glm\glm\ext\vector_reciprocal.hpp">
      <Filter>submodules\glm\glm\ext</Filter>
    </ClInclude>
    <ClInclude Include="submodules\glm\glm\ext\vector_reciprocal.inl">
      <Filter>submodules\glm\glm\ext</Filter>
    </ClInclude>
    <ClInclude Include="submodules\glm\glm\ext\vector_relational.hpp">
      <Filter>submodules\glm\glm\ext</Filter>
    </ClInclude>
    <ClInclude Include="submodules\glm\glm\ext\vector_relational.inl">
      <Filter>submodules\glm\glm\ext</Filter>
    </ClInclude>
    <ClInclude Include="submodules\glm\glm\ext\vector_uint1.hpp">
      <Filter>submodules\glm\glm\ext</Filter>
    </ClInclude>
    <ClInclude Include="submodules\glm\glm\ext\vector_uint1_sized.hpp">
      <Filter>submodules\glm\glm\ext</Filter>
    </ClInclude>
    <ClInclude Include="submodules\glm\glm\ext\vector_uint2.hpp">
      <Filter>submodules\glm\glm\ext</Filter>
    </ClInclude>
    <ClInclude Include="submodules\glm\glm\ext\vector_uint2_sized.hpp">
      <Filter>submodules\glm\glm\ext</Filter>
    </ClInclude>
    <ClInclude Include="submodules\glm\glm\ext\vector_uint3.hpp">
      <Filter>submodules\glm\glm\ext</Filter>
    </ClInclude>
    <ClInclude Include="submodules\glm\glm\ext\vector_uint3_sized.hpp">
      <Filter>submodules\glm\glm\ext</Filter>
    </ClInclude>
    <ClInclude Include="submodules\glm\glm\ext\vector_uint4.hpp">
      <Filter>submodules\glm\glm\ext</Filter>
    </ClInclude>
    <ClInclude Include="submodules\glm\glm\ext\vector_uint4_sized.hpp">
      <Filter>submodules\glm\glm\ext</Filter>
    </ClInclude>
    <ClInclude Include="submodules\glm\glm\ext\vector_ulp.hpp">
      <Filter>submodules\glm\glm\ext</Filter>
    </ClInclude>
    <ClInclude Include="submodules\glm\glm\ext\vector_ulp.inl">
      <Filter>submodules\glm\glm\ext</Filter>
    </ClInclude>
    <ClInclude Include="submodules\glm\glm\fwd.hpp">
      <Filter>submodules\glm\glm</Filter>
    </ClInclude>
    <ClInclude Include="submodules\glm\glm\geometric.hpp">
      <Filter>submodules\glm\glm</Filter>
    </ClInclude>
    <ClInclude Include="submodules\glm\glm\glm.hpp">
      <Filter>submodules\glm\glm</Filter>
    </ClInclude>
    <ClInclude Include="submodules\glm\glm\gtc\bitfield.hpp">
      <Filter>submodules\glm\glm\gtc</Filter>
    </ClInclude>
    <ClInclude Include="submodules\glm\glm\gtc\bitfield.inl">
      <Filter>submodules\glm\glm\gtc</Filter>
    </ClInclude>
    <ClInclude Include="submodules\glm\glm\gtc\color_space.hpp">
      <Filter>submodules\glm\glm\gtc</Filter>
    </ClInclude>
    <ClInclude Include="submodules\glm\glm\gtc\color_space.inl">
      <Filter>submodules\glm\glm\gtc</Filter>
    </ClInclude>
    <ClInclude Include="submodules\glm\glm\gtc\constants.hpp">
      <Filter>submodules\glm\glm\gtc</Filter>
    </ClInclude>
    <ClInclude Include="submodules\glm\glm\gtc\constants.inl">
      <Filter>submodules\glm\glm\gtc</Filter>
    </ClInclude>
    <ClInclude Include="submodules\glm\glm\gtc\epsilon.hpp">
      <Filter>submodules\glm\glm\gtc</Filter>
    </ClInclude>
    <ClInclude Include="submodules\glm\glm\gtc\epsilon.inl">
      <Filter>submodules\glm\glm\gtc</Filter>
    </ClInclude>
    <ClInclude Include="submodules\glm\glm\gtc\integer.hpp">
      <Filter>submodules\glm\glm\gtc</Filter>
    </ClInclude>
    <ClInclude Include="submodules\glm\glm\gtc\integer.inl">
      <Filter>submodules\glm\glm\gtc</Filter>
    </ClInclude>
    <ClInclude Include="submodules\glm\glm\gtc\matrix_access.hpp">
      <Filter>submodules\glm\glm\gtc</Filter>
    </ClInclude>
    <ClInclude Include="submodules\glm\glm\gtc\matrix_access.inl">
      <Filter>submodules\glm\glm\gtc</Filter>
    </ClInclude>
    <ClInclude Include="submodules\glm\glm\gtc\matrix_integer.hpp">
      <Filter>submodules\glm\glm\gtc</Filter>
    </ClInclude>
    <ClInclude Include="submodules\glm\glm\gtc\matrix_inverse.hpp">
      <Filter>submodules\glm\glm\gtc</Filter>
    </ClInclude>
    <ClInclude Include="submodules\glm\glm\gtc\matrix_inverse.inl">
      <Filter>submodules\glm\glm\gtc</Filter>
    </ClInclude>
    <ClInclude Include="submodules\glm\glm\gtc\matrix_transform.hpp">
      <Filter>submodules\glm\glm\gtc</Filter>
    </ClInclude>
    <ClInclude Include="submodules\glm\glm\gtc\matrix_transform.inl">
      <Filter>submodules\glm\glm\gtc</Filter>
    </ClInclude>
    <ClInclude Include="submodules\glm\glm\gtc\noise.hpp">
      <Filter>submodules\glm\glm\gtc</Filter>
    </ClInclude>
    <ClInclude Include="submodules\glm\glm\gtc\noise.inl">
      <Filter>submodules\glm\glm\gtc</Filter>
    </ClInclude>
    <ClInclude Include="submodules\glm\glm\gtc\packing.hpp">
      <Filter>submodules\glm\glm\gtc</Filter>
    </ClInclude>
    <ClInclude Include="submodules\glm\glm\gtc\packing.inl">
      <Filter>submodules\glm\glm\gtc</Filter>
    </ClInclude>
    <ClInclude Include="submodules\glm\glm\gtc\quaternion.hpp">
      <Filter>submodules\glm\glm\gtc</Filter>
    </ClInclude>
    <ClInclude Include="submodules\glm\glm\gtc\quaternion.inl">
      <Filter>submodules\glm\glm\gtc</Filter>
    </ClInclude>
    <ClInclude Include="submodules\glm\glm\gtc\quaternion_simd.inl">
      <Filter>submodules\glm\glm\gtc</Filter>
    </ClInclude>
    <ClInclude Include="submodules\glm\glm\gtc\random.hpp">
      <Filter>submodules\glm\glm\gtc</Filter>
    </ClInclude>
    <ClInclude Include="submodules\glm\glm\gtc\random.inl">
      <Filter>submodules\glm\glm\gtc</Filter>
    </ClInclude>
    <ClInclude Include="submodules\glm\glm\gtc\reciprocal.hpp">
      <Filter>submodules\glm\glm\gtc</Filter>
    </ClInclude>
    <ClInclude Include="submodules\glm\glm\gtc\round.hpp">
      <Filter>submodules\glm\glm\gtc</Filter>
    </ClInclude>
    <ClInclude Include="submodules\glm\glm\gtc\round.inl">
      <Filter>submodules\glm\glm\gtc</Filter>
    </ClInclude>
    <ClInclude Include="submodules\glm\glm\gtc\type_aligned.hpp">
      <Filter>submodules\glm\glm\gtc</Filter>
    </ClInclude>
    <ClInclude Include="submodules\glm\glm\gtc\type_precision.hpp">
      <Filter>submodules\glm\glm\gtc</Filter>
    </ClInclude>
    <ClInclude Include="submodules\glm\glm\gtc\type_precision.inl">
      <Filter>submodules\glm\glm\gtc</Filter>
    </ClInclude>
    <ClInclude Include="submodules\glm\glm\gtc\type_ptr.hpp">
      <Filter>submodules\glm\glm\gtc</Filter>
    </ClInclude>
    <ClInclude Include="submodules\glm\glm\gtc\type_ptr.inl">
      <Filter>submodules\glm\glm\gtc</Filter>
    </ClInclude>
    <ClInclude Include="submodules\glm\glm\gtc\ulp.hpp">
      <Filter>submodules\glm\glm\gtc</Filter>
    </ClInclude>
    <ClInclude Include="submodules\glm\glm\gtc\ulp.inl">
      <Filter>submodules\glm\glm\gtc</Filter>
    </ClInclude>
    <ClInclude Include="submodules\glm\glm\gtc\vec1.hpp">
      <Filter>submodules\glm\glm\gtc</Filter>
    </ClInclude>
    <ClInclude Include="submodules\glm\glm\gtx\associated_min_max.hpp">
      <Filter>submodules\glm\glm\gtx</Filter>
    </ClInclude>
    <ClInclude Include="submodules\glm\glm\gtx\associated_min_max.inl">
      <Filter>submodules\glm\glm\gtx</Filter>
    </ClInclude>
    <ClInclude Include="submodules\glm\glm\gtx\bit.hpp">
      <Filter>submodules\glm\glm\gtx</Filter>
    </ClInclude>
    <ClInclude Include="submodules\glm\glm\gtx\bit.inl">
      <Filter>submodules\glm\glm\gtx</Filter>
    </ClInclude>
    <ClInclude Include="submodules\glm\glm\gtx\closest_point.hpp">
      <Filter>submodules\glm\glm\gtx</Filter>
    </ClInclude>
    <ClInclude Include="submodules\glm\glm\gtx\closest_point.inl">
      <Filter>submodules\glm\glm\gtx</Filter>
    </ClInclude>
    <ClInclude Include="submodules\glm\glm\gtx\color_encoding.hpp">
      <Filter>submodules\glm\glm\gtx</Filter>
    </ClInclude>
    <ClInclude Include="submodules\glm\glm\gtx\color_encoding.inl">
      <Filter>submodules\glm\glm\gtx</Filter>
    </ClInclude>
    <ClInclude Include="submodules\glm\glm\gtx\color_space.hpp">
      <Filter>submodules\glm\glm\gtx</Filter>
    </ClInclude>
    <ClInclude Include="submodules\glm\glm\gtx\color_space.inl">
      <Filter>submodules\glm\glm\gtx</Filter>
    </ClInclude>
    <ClInclude Include="submodules\glm\glm\gtx\color_space_YCoCg.hpp">
      <Filter>submodules\glm\glm\gtx</Filter>
    </ClInclude>
    <ClInclude Include="submodules\glm\glm\gtx\color_space_YCoCg.inl">
      <Filter>submodules\glm\glm\gtx</Filter>
    </ClInclude>
    <ClInclude Include="submodules\glm\glm\gtx\common.hpp">
      <Filter>submodules\glm\glm\gtx</Filter>
    </ClInclude>
    <ClInclude Include="submodules\glm\glm\gtx\common.inl">
      <Filter>submodules\glm\glm\gtx</Filter>
    </ClInclude>
    <ClInclude Include="submodules\glm\glm\gtx\compatibility.hpp">
      <Filter>submodules\glm\glm\gtx</Filter>
    </ClInclude>
    <ClInclude Include="submodules\glm\glm\gtx\compatibility.inl">
      <Filter>submodules\glm\glm\gtx</Filter>
    </ClInclude>
    <ClInclude Include="submodules\glm\glm\gtx\component_wise.hpp">
      <Filter>submodules\glm\glm\gtx</Filter>
    </ClInclude>
    <ClInclude Include="submodules\glm\glm\gtx\component_wise.inl">
      <Filter>submodules\glm\glm\gtx</Filter>
    </ClInclude>
    <ClInclude Include="submodules\glm\glm\gtx\dual_quaternion.hpp">
      <Filter>submodules\glm\glm\gtx</Filter>
    </ClInclude>
    <ClInclude Include="submodules\glm\glm\gtx\dual_quaternion.inl">
      <Filter>submodules\glm\glm\gtx</Filter>
    </ClInclude>
    <ClInclude Include="submodules\glm\glm\gtx\easing.hpp">
      <Filter>submodules\glm\glm\gtx</Filter>
    </ClInclude>
    <ClInclude Include="submodules\glm\glm\gtx\easing.inl">
      <Filter>submodules\glm\glm\gtx</Filter>
    </ClInclude>
    <ClInclude Include="submodules\glm\glm\gtx\euler_angles.hpp">
      <Filter>submodules\glm\glm\gtx</Filter>
    </ClInclude>
    <ClInclude Include="submodules\glm\glm\gtx\euler_angles.inl">
      <Filter>submodules\glm\glm\gtx</Filter>
    </ClInclude>
    <ClInclude Include="submodules\glm\glm\gtx\extend.hpp">
      <Filter>submodules\glm\glm\gtx</Filter>
    </ClInclude>
    <ClInclude Include="submodules\glm\glm\gtx\extend.inl">
      <Filter>submodules\glm\glm\gtx</Filter>
    </ClInclude>
    <ClInclude Include="submodules\glm\glm\gtx\extended_min_max.hpp">
      <Filter>submodules\glm\glm\gtx</Filter>
    </ClInclude>
    <ClInclude Include="submodules\glm\glm\gtx\extended_min_max.inl">
      <Filter>submodules\glm\glm\gtx</Filter>
    </ClInclude>
    <ClInclude Include="submodules\glm\glm\gtx\exterior_product.hpp">
      <Filter>submodules\glm\glm\gtx</Filter>
    </ClInclude>
    <ClInclude Include="submodules\glm\glm\gtx\exterior_product.inl">
      <Filter>submodules\glm\glm\gtx</Filter>
    </ClInclude>
    <ClInclude Include="submodules\glm\glm\gtx\fast_exponential.hpp">
      <Filter>submodules\glm\glm\gtx</Filter>
    </ClInclude>
    <ClInclude Include="submodules\glm\glm\gtx\fast_exponential.inl">
      <Filter>submodules\glm\glm\gtx</Filter>
    </ClInclude>
    <ClInclude Include="submodules\glm\glm\gtx\fast_square_root.hpp">
      <Filter>submodules\glm\glm\gtx</Filter>
    </ClInclude>
    <ClInclude Include="submodules\glm\glm\gtx\fast_square_root.inl">
      <Filter>submodules\glm\glm\gtx</Filter>
    </ClInclude>
    <ClInclude Include="submodules\glm\glm\gtx\fast_trigonometry.hpp">
      <Filter>submodules\glm\glm\gtx</Filter>
    </ClInclude>
    <ClInclude Include="submodules\glm\glm\gtx\fast_trigonometry.inl">
      <Filter>submodules\glm\glm\gtx</Filter>
    </ClInclude>
    <ClInclude Include="submodules\glm\glm\gtx\float_notmalize.inl">
      <Filter>submodules\glm\glm\gtx</Filter>
    </ClInclude>
    <ClInclude Include="submodules\glm\glm\gtx\functions.hpp">
      <Filter>submodules\glm\glm\gtx</Filter>
    </ClInclude>
    <ClInclude Include="submodules\glm\glm\gtx\functions.inl">
      <Filter>submodules\glm\glm\gtx</Filter>
    </ClInclude>
    <ClInclude Include="submodules\glm\glm\gtx\gradient_paint.hpp">
      <Filter>submodules\glm\glm\gtx</Filter>
    </ClInclude>
    <ClInclude Include="submodules\glm\glm\gtx\gradient_paint.inl">
      <Filter>submodules\glm\glm\gtx</Filter>
    </ClInclude>
    <ClInclude Include="submodules\glm\glm\gtx\handed_coordinate_space.hpp">
      <Filter>submodules\glm\glm\gtx</Filter>
    </ClInclude>
    <ClInclude Include="submodules\glm\glm\gtx\handed_coordinate_space.inl">
      <Filter>submodules\glm\glm\gtx</Filter>
    </ClInclude>
    <ClInclude Include="submodules\glm\glm\gtx\hash.hpp">
      <Filter>submodules\glm\glm\gtx</Filter>
    </ClInclude>
    <ClInclude Include="submodules\glm\glm\gtx\hash.inl">
      <Filter>submodules\glm\glm\gtx</Filter>
    </ClInclude>
    <ClInclude Include="submodules\glm\glm\gtx\integer.hpp">
      <Filter>submodules\glm\glm\gtx</Filter>
    </ClInclude>
    <ClInclude Include="submodules\glm\glm\gtx\integer.inl">
      <Filter>submodules\glm\glm\gtx</Filter>
    </ClInclude>
    <ClInclude Include="submodules\glm\glm\gtx\intersect.hpp">
      <Filter>submodules\glm\glm\gtx</Filter>
    </ClInclude>
    <ClInclude Include="submodules\glm\glm\gtx\intersect.inl">
      <Filter>submodules\glm\glm\gtx</Filter>
    </ClInclude>
    <ClInclude Include="submodules\glm\glm\gtx\io.hpp">
      <Filter>submodules\glm\glm\gtx</Filter>
    </ClInclude>
    <ClInclude Include="submodules\glm\glm\gtx\io.inl">
      <Filter>submodules\glm\glm\gtx</Filter>
    </ClInclude>
    <ClInclude Include="submodules\glm\glm\gtx\log_base.hpp">
      <Filter>submodules\glm\glm\gtx</Filter>
    </ClInclude>
    <ClInclude Include="submodules\glm\glm\gtx\log_base.inl">
      <Filter>submodules\glm\glm\gtx</Filter>
    </ClInclude>
    <ClInclude Include="submodules\glm\glm\gtx\matrix_cross_product.hpp">
      <Filter>submodules\glm\glm\gtx</Filter>
    </ClInclude>
    <ClInclude Include="submodules\glm\glm\gtx\matrix_cross_product.inl">
      <Filter>submodules\glm\glm\gtx</Filter>
    </ClInclude>
    <ClInclude Include="submodules\glm\glm\gtx\matrix_decompose.hpp">
      <Filter>submodules\glm\glm\gtx</Filter>
    </ClInclude>
    <ClInclude Include="submodules\glm\glm\gtx\matrix_decompose.inl">
      <Filter>submodules\glm\glm\gtx</Filter>
    </ClInclude>
    <ClInclude Include="submodules\glm\glm\gtx\matrix_factorisation.hpp">
      <Filter>submodules\glm\glm\gtx</Filter>
    </ClInclude>
    <ClInclude Include="submodules\glm\glm\gtx\matrix_factorisation.inl">
      <Filter>submodules\glm\glm\gtx</Filter>
    </ClInclude>
    <ClInclude Include="submodules\glm\glm\gtx\matrix_interpolation.hpp">
      <Filter>submodules\glm\glm\gtx</Filter>
    </ClInclude>
    <ClInclude Include="submodules\glm\glm\gtx\matrix_interpolation.inl">
      <Filter>submodules\glm\glm\gtx</Filter>
    </ClInclude>
    <ClInclude Include="submodules\glm\glm\gtx\matrix_major_storage.hpp">
      <Filter>submodules\glm\glm\gtx</Filter>
    </ClInclude>
    <ClInclude Include="submodules\glm\glm\gtx\matrix_major_storage.inl">
      <Filter>submodules\glm\glm\gtx</Filter>
    </ClInclude>
    <ClInclude Include="submodules\glm\glm\gtx\matrix_operation.hpp">
      <Filter>submodules\glm\glm\gtx</Filter>
    </ClInclude>
    <ClInclude Include="submodules\glm\glm\gtx\matrix_operation.inl">
      <Filter>submodules\glm\glm\gtx</Filter>
    </ClInclude>
    <ClInclude Include="submodules\glm\glm\gtx\matrix_query.hpp">
      <Filter>submodules\glm\glm\gtx</Filter>
    </ClInclude>
    <ClInclude Include="submodules\glm\glm\gtx\matrix_query.inl">
      <Filter>submodules\glm\glm\gtx</Filter>
    </ClInclude>
    <ClInclude Include="submodules\glm\glm\gtx\matrix_transform_2d.hpp">
      <Filter>submodules\glm\glm\gtx</Filter>
    </ClInclude>
    <ClInclude Include="submodules\glm\glm\gtx\matrix_transform_2d.inl">
      <Filter>submodules\glm\glm\gtx</Filter>
    </ClInclude>
    <ClInclude Include="submodules\glm\glm\gtx\mixed_product.hpp">
      <Filter>submodules\glm\glm\gtx</Filter>
    </ClInclude>
    <ClInclude Include="submodules\glm\glm\gtx\mixed_product.inl">
      <Filter>submodules\glm\glm\gtx</Filter>
    </ClInclude>
    <ClInclude Include="submodules\glm\glm\gtx\norm.hpp">
      <Filter>submodules\glm\glm\gtx</Filter>
    </ClInclude>
    <ClInclude Include="submodules\glm\glm\gtx\norm.inl">
      <Filter>submodules\glm\glm\gtx</Filter>
    </ClInclude>
    <ClInclude Include="submodules\glm\glm\gtx\normal.hpp">
      <Filter>submodules\glm\glm\gtx</Filter>
    </ClInclude>
    <ClInclude Include="submodules\glm\glm\gtx\normal.inl">
      <Filter>submodules\glm\glm\gtx</Filter>
    </ClInclude>
    <ClInclude Include="submodules\glm\glm\gtx\normalize_dot.hpp">
      <Filter>submodules\glm\glm\gtx</Filter>
    </ClInclude>
    <ClInclude Include="submodules\glm\glm\gtx\normalize_dot.inl">
      <Filter>submodules\glm\glm\gtx</Filter>
    </ClInclude>
    <ClInclude Include="submodules\glm\glm\gtx\number_precision.hpp">
      <Filter>submodules\glm\glm\gtx</Filter>
    </ClInclude>
    <ClInclude Include="submodules\glm\glm\gtx\number_precision.inl">
      <Filter>submodules\glm\glm\gtx</Filter>
    </ClInclude>
    <ClInclude Include="submodules\glm\glm\gtx\optimum_pow.hpp">
      <Filter>submodules\glm\glm\gtx</Filter>
    </ClInclude>
    <ClInclude Include="submodules\glm\glm\gtx\optimum_pow.inl">
      <Filter>submodules\glm\glm\gtx</Filter>
    </ClInclude>
    <ClInclude Include="submodules\glm\glm\gtx\orthonormalize.hpp">
      <Filter>submodules\glm\glm\gtx</Filter>
    </ClInclude>
    <ClInclude Include="submodules\glm\glm\gtx\orthonormalize.inl">
      <Filter>submodules\glm\glm\gtx</Filter>
    </ClInclude>
    <ClInclude Include="submodules\glm\glm\gtx\pca.hpp">
      <Filter>submodules\glm\glm\gtx</Filter>
    </ClInclude>
    <ClInclude Include="submodules\glm\glm\gtx\pca.inl">
      <Filter>submodules\glm\glm\gtx</Filter>
    </ClInclude>
    <ClInclude Include="submodules\glm\glm\gtx\perpendicular.hpp">
      <Filter>submodules\glm\glm\gtx</Filter>
    </ClInclude>
    <ClInclude Include="submodules\glm\glm\gtx\perpendicular.inl">
      <Filter>submodules\glm\glm\gtx</Filter>
    </ClInclude>
    <ClInclude Include="submodules\glm\glm\gtx\polar_coordinates.hpp">
      <Filter>submodules\glm\glm\gtx</Filter>
    </ClInclude>
    <ClInclude Include="submodules\glm\glm\gtx\polar_coordinates.inl">
      <Filter>submodules\glm\glm\gtx</Filter>
    </ClInclude>
    <ClInclude Include="submodules\glm\glm\gtx\projection.hpp">
      <Filter>submodules\glm\glm\gtx</Filter>
    </ClInclude>
    <ClInclude Include="submodules\glm\glm\gtx\projection.inl">
      <Filter>submodules\glm\glm\gtx</Filter>
    </ClInclude>
    <ClInclude Include="submodules\glm\glm\gtx\quaternion.hpp">
      <Filter>submodules\glm\glm\gtx</Filter>
    </ClInclude>
    <ClInclude Include="submodules\glm\glm\gtx\quaternion.inl">
      <Filter>submodules\glm\glm\gtx</Filter>
    </ClInclude>
    <ClInclude Include="submodules\glm\glm\gtx\range.hpp">
      <Filter>submodules\glm\glm\gtx</Filter>
    </ClInclude>
    <ClInclude Include="submodules\glm\glm\gtx\raw_data.hpp">
      <Filter>submodules\glm\glm\gtx</Filter>
    </ClInclude>
    <ClInclude Include="submodules\glm\glm\gtx\raw_data.inl">
      <Filter>submodules\glm\glm\gtx</Filter>
    </ClInclude>
    <ClInclude Include="submodules\glm\glm\gtx\rotate_normalized_axis.hpp">
      <Filter>submodules\glm\glm\gtx</Filter>
    </ClInclude>
    <ClInclude Include="submodules\glm\glm\gtx\rotate_normalized_axis.inl">
      <Filter>submodules\glm\glm\gtx</Filter>
    </ClInclude>
    <ClInclude Include="submodules\glm\glm\gtx\rotate_vector.hpp">
      <Filter>submodules\glm\glm\gtx</Filter>
    </ClInclude>
    <ClInclude Include="submodules\glm\glm\gtx\rotate_vector.inl">
      <Filter>submodules\glm\glm\gtx</Filter>
    </ClInclude>
    <ClInclude Include="submodules\glm\glm\gtx\scalar_multiplication.hpp">
      <Filter>submodules\glm\glm\gtx</Filter>
    </ClInclude>
    <ClInclude Include="submodules\glm\glm\gtx\scalar_relational.hpp">
      <Filter>submodules\glm\glm\gtx</Filter>
    </ClInclude>
    <ClInclude Include="submodules\glm\glm\gtx\scalar_relational.inl">
      <Filter>submodules\glm\glm\gtx</Filter>
    </ClInclude>
    <ClInclude Include="submodules\glm\glm\gtx\spline.hpp">
      <Filter>submodules\glm\glm\gtx</Filter>
    </ClInclude>
    <ClInclude Include="submodules\glm\glm\gtx\spline.inl">
      <Filter>submodules\glm\glm\gtx</Filter>
    </ClInclude>
    <ClInclude Include="submodules\glm\glm\gtx\std_based_type.hpp">
      <Filter>submodules\glm\glm\gtx</Filter>
    </ClInclude>
    <ClInclude Include="submodules\glm\glm\gtx\std_based_type.inl">
      <Filter>submodules\glm\glm\gtx</Filter>
    </ClInclude>
    <ClInclude Include="submodules\glm\glm\gtx\string_cast.hpp">
      <Filter>submodules\glm\glm\gtx</Filter>
    </ClInclude>
    <ClInclude Include="submodules\glm\glm\gtx\string_cast.inl">
      <Filter>submodules\glm\glm\gtx</Filter>
    </ClInclude>
    <ClInclude Include="submodules\glm\glm\gtx\texture.hpp">
      <Filter>submodules\glm\glm\gtx</Filter>
    </ClInclude>
    <ClInclude Include="submodules\glm\glm\gtx\texture.inl">
      <Filter>submodules\glm\glm\gtx</Filter>
    </ClInclude>
    <ClInclude Include="submodules\glm\glm\gtx\transform.hpp">
      <Filter>submodules\glm\glm\gtx</Filter>
    </ClInclude>
    <ClInclude Include="submodules\glm\glm\gtx\transform.inl">
      <Filter>submodules\glm\glm\gtx</Filter>
    </ClInclude>
    <ClInclude Include="submodules\glm\glm\gtx\transform2.hpp">
      <Filter>submodules\glm\glm\gtx</Filter>
    </ClInclude>
    <ClInclude Include="submodules\glm\glm\gtx\transform2.inl">
      <Filter>submodules\glm\glm\gtx</Filter>
    </ClInclude>
    <ClInclude Include="submodules\glm\glm\gtx\type_aligned.hpp">
      <Filter>submodules\glm\glm\gtx</Filter>
    </ClInclude>
    <ClInclude Include="submodules\glm\glm\gtx\type_aligned.inl">
      <Filter>submodules\glm\glm\gtx</Filter>
    </ClInclude>
    <ClInclude Include="submodules\glm\glm\gtx\type_trait.hpp">
      <Filter>submodules\glm\glm\gtx</Filter>
    </ClInclude>
    <ClInclude Include="submodules\glm\glm\gtx\type_trait.inl">
      <Filter>submodules\glm\glm\gtx</Filter>
    </ClInclude>
    <ClInclude Include="submodules\glm\glm\gtx\vec_swizzle.hpp">
      <Filter>submodules\glm\glm\gtx</Filter>
    </ClInclude>
    <ClInclude Include="submodules\glm\glm\gtx\vector_angle.hpp">
      <Filter>submodules\glm\glm\gtx</Filter>
    </ClInclude>
    <ClInclude Include="submodules\glm\glm\gtx\vector_angle.inl">
      <Filter>submodules\glm\glm\gtx</Filter>
    </ClInclude>
    <ClInclude Include="submodules\glm\glm\gtx\vector_query.hpp">
      <Filter>submodules\glm\glm\gtx</Filter>
    </ClInclude>
    <ClInclude Include="submodules\glm\glm\gtx\vector_query.inl">
      <Filter>submodules\glm\glm\gtx</Filter>
    </ClInclude>
    <ClInclude Include="submodules\glm\glm\gtx\wrap.hpp">
      <Filter>submodules\glm\glm\gtx</Filter>
    </ClInclude>
    <ClInclude Include="submodules\glm\glm\gtx\wrap.inl">
      <Filter>submodules\glm\glm\gtx</Filter>
    </ClInclude>
    <ClInclude Include="submodules\glm\glm\integer.hpp">
      <Filter>submodules\glm\glm</Filter>
    </ClInclude>
    <ClInclude Include="submodules\glm\glm\mat2x2.hpp">
      <Filter>submodules\glm\glm</Filter>
    </ClInclude>
    <ClInclude Include="submodules\glm\glm\mat2x3.hpp">
      <Filter>submodules\glm\glm</Filter>
    </ClInclude>
    <ClInclude Include="submodules\glm\glm\mat2x4.hpp">
      <Filter>submodules\glm\glm</Filter>
    </ClInclude>
    <ClInclude Include="submodules\glm\glm\mat3x2.hpp">
      <Filter>submodules\glm\glm</Filter>
    </ClInclude>
    <ClInclude Include="submodules\glm\glm\mat3x3.hpp">
      <Filter>submodules\glm\glm</Filter>
    </ClInclude>
    <ClInclude Include="submodules\glm\glm\mat3x4.hpp">
      <Filter>submodules\glm\glm</Filter>
    </ClInclude>
    <ClInclude Include="submodules\glm\glm\mat4x2.hpp">
      <Filter>submodules\glm\glm</Filter>
    </ClInclude>
    <ClInclude Include="submodules\glm\glm\mat4x3.hpp">
      <Filter>submodules\glm\glm</Filter>
    </ClInclude>
    <ClInclude Include="submodules\glm\glm\mat4x4.hpp">
      <Filter>submodules\glm\glm</Filter>
    </ClInclude>
    <ClInclude Include="submodules\glm\glm\matrix.hpp">
      <Filter>submodules\glm\glm</Filter>
    </ClInclude>
    <ClInclude Include="submodules\glm\glm\packing.hpp">
      <Filter>submodules\glm\glm</Filter>
    </ClInclude>
    <ClInclude Include="submodules\glm\glm\trigonometric.hpp">
      <Filter>submodules\glm\glm</Filter>
    </ClInclude>
    <ClInclude Include="submodules\glm\glm\vec2.hpp">
      <Filter>submodules\glm\glm</Filter>
    </ClInclude>
    <ClInclude Include="submodules\glm\glm\vec3.hpp">
      <Filter>submodules\glm\glm</Filter>
    </ClInclude>
    <ClInclude Include="submodules\glm\glm\vec4.hpp">
      <Filter>submodules\glm\glm</Filter>
    </ClInclude>
    <ClInclude Include="submodules\glm\glm\vector_relational.hpp">
      <Filter>submodules\glm\glm</Filter>
    </ClInclude>
    <ClInclude Include="submodules\stb_image\stb_image.h">
      <Filter>submodules\stb_image</Filter>
    </ClInclude>
    <ClInclude Include="src\Renderer\Renderer2D.h" />
    <ClInclude Include="src\Renderer\SubTexture2D.h" />
  </ItemGroup>
  <ItemGroup>
    <ClCompile Include="src\Application.cpp">
      <Filter>src</Filter>
    </ClCompile>
    <ClCompile Include="src\CameraController.cpp">
      <Filter>src</Filter>
    </ClCompile>
    <ClCompile Include="src\ImGuiBuild.cpp">
      <Filter>src</Filter>
    </ClCompile>
    <ClCompile Include="src\Input.cpp">
      <Filter>src</Filter>
    </ClCompile>
    <ClCompile Include="src\Layer.cpp">
      <Filter>src</Filter>
    </ClCompile>
    <ClCompile Include="src\LayerStack.cpp">
      <Filter>src</Filter>
    </ClCompile>
    <ClCompile Include="src\Layers\ImGuiLayer.cpp">
      <Filter>src\Layers</Filter>
    </ClCompile>
    <ClCompile Include="src\Layers\OpenGLInfoLayer.cpp">
      <Filter>src\Layers</Filter>
    </ClCompile>
    <ClCompile Include="src\RenderAPI\OpenGL\OpenGLBuffer.cpp">
      <Filter>src\RenderAPI\OpenGL</Filter>
    </ClCompile>
    <ClCompile Include="src\RenderAPI\OpenGL\OpenGLContext.cpp">
      <Filter>src\RenderAPI\OpenGL</Filter>
    </ClCompile>
    <ClCompile Include="src\RenderAPI\OpenGL\OpenGLRendererAPI.cpp">
      <Filter>src\RenderAPI\OpenGL</Filter>
    </ClCompile>
    <ClCompile Include="src\RenderAPI\OpenGL\OpenGLShader.cpp">
      <Filter>src\RenderAPI\OpenGL</Filter>
    </ClCompile>
    <ClCompile Include="src\RenderAPI\OpenGL\OpenGLTexture.cpp">
      <Filter>src\RenderAPI\OpenGL</Filter>
    </ClCompile>
    <ClCompile Include="src\RenderAPI\OpenGL\OpenGLVertexArray.cpp">
      <Filter>src\RenderAPI\OpenGL</Filter>
    </ClCompile>
    <ClCompile Include="src\Renderer\Buffer.cpp">
      <Filter>src\Renderer</Filter>
    </ClCompile>
    <ClCompile Include="src\Renderer\Camera.cpp">
      <Filter>src\Renderer</Filter>
    </ClCompile>
    <ClCompile Include="src\Renderer\RenderCommand.cpp">
      <Filter>src\Renderer</Filter>
    </ClCompile>
    <ClCompile Include="src\Renderer\Renderer.cpp">
      <Filter>src\Renderer</Filter>
    </ClCompile>
    <ClCompile Include="src\Renderer\RendererAPI.cpp">
      <Filter>src\Renderer</Filter>
    </ClCompile>
    <ClCompile Include="src\Renderer\Shader.cpp">
      <Filter>src\Renderer</Filter>
    </ClCompile>
    <ClCompile Include="src\Renderer\Texture.cpp">
      <Filter>src\Renderer</Filter>
    </ClCompile>
    <ClCompile Include="src\Renderer\VertexArray.cpp">
      <Filter>src\Renderer</Filter>
    </ClCompile>
    <ClCompile Include="src\Window.cpp">
      <Filter>src</Filter>
    </ClCompile>
    <ClCompile Include="src\Windows\OpenGL\OpenGLWindow.cpp">
      <Filter>src\Windows\OpenGL</Filter>
    </ClCompile>
    <ClCompile Include="src\pch.cpp">
      <Filter>src</Filter>
    </ClCompile>
    <ClCompile Include="submodules\stb_image\stb_image.cpp">
      <Filter>submodules\stb_image</Filter>
    </ClCompile>
    <ClCompile Include="src\Renderer\Renderer2D.cpp" />
    <ClCompile Include="src\Renderer\SubTexture2D.cpp" />
  </ItemGroup>
</Project>